
Microsoft Visual Studio Solution File, Format Version 12.00
# Visual Studio Version 16
VisualStudioVersion = 16.0.31729.503
MinimumVisualStudioVersion = 10.0.40219.1
Project("{FAE04EC0-301F-11D3-BF4B-00C04F79EFBC}") = "MailisaCalculator.UI", "MailisaCalculator.UI.csproj", "{274F4E48-AF84-4FF6-A603-937216AE07A6}"
EndProject
Project("{FAE04EC0-301F-11D3-BF4B-00C04F79EFBC}") = "MailisaCalculator.Model", "..\MailisaCalculator.Model\MailisaCalculator.Model.csproj", "{81E0666D-2D41-49A2-BC5F-3BE797661FE9}"
EndProject
Global
	GlobalSection(SolutionConfigurationPlatforms) = preSolution
		Debug|Any CPU = Debug|Any CPU
		Release|Any CPU = Release|Any CPU
	EndGlobalSection
	GlobalSection(ProjectConfigurationPlatforms) = postSolution
		{274F4E48-AF84-4FF6-A603-937216AE07A6}.Debug|Any CPU.ActiveCfg = Debug|Any CPU
		{274F4E48-AF84-4FF6-A603-937216AE07A6}.Debug|Any CPU.Build.0 = Debug|Any CPU
		{274F4E48-AF84-4FF6-A603-937216AE07A6}.Release|Any CPU.ActiveCfg = Release|Any CPU
		{274F4E48-AF84-4FF6-A603-937216AE07A6}.Release|Any CPU.Build.0 = Release|Any CPU
		{81E0666D-2D41-49A2-BC5F-3BE797661FE9}.Debug|Any CPU.ActiveCfg = Debug|Any CPU
		{81E0666D-2D41-49A2-BC5F-3BE797661FE9}.Debug|Any CPU.Build.0 = Debug|Any CPU
		{81E0666D-2D41-49A2-BC5F-3BE797661FE9}.Release|Any CPU.ActiveCfg = Release|Any CPU
		{81E0666D-2D41-49A2-BC5F-3BE797661FE9}.Release|Any CPU.Build.0 = Release|Any CPU
	EndGlobalSection
	GlobalSection(SolutionProperties) = preSolution
		HideSolutionNode = FALSE
	EndGlobalSection
	GlobalSection(ExtensibilityGlobals) = postSolution
		SolutionGuid = {DC751BE6-4E1D-46AD-8EBD-C55D0200AFA9}
	EndGlobalSection
EndGlobal
