
Microsoft Visual Studio Solution File, Format Version 12.00
# Visual Studio Version 16
VisualStudioVersion = 16.0.29613.14
MinimumVisualStudioVersion = 10.0.40219.1
Project("{FAE04EC0-301F-11D3-BF4B-00C04F79EFBC}") = "HelloWorld", "HelloWorld.csproj", "{2F0038ED-F23D-4673-BB7C-E06CCE7D656A}"
EndProject
Project("{FAE04EC0-301F-11D3-BF4B-00C04F79EFBC}") = "formating", "..\formating\formating.csproj", "{5E920752-082B-423A-8678-7ABAEEF131C4}"
EndProject
Project("{FAE04EC0-301F-11D3-BF4B-00C04F79EFBC}") = "classes_example", "..\classes_example\classes_example.csproj", "{5FAC3E88-454D-4338-8A8D-3A9DC185DC61}"
EndProject
Global
	GlobalSection(SolutionConfigurationPlatforms) = preSolution
		Debug|Any CPU = Debug|Any CPU
		Release|Any CPU = Release|Any CPU
	EndGlobalSection
	GlobalSection(ProjectConfigurationPlatforms) = postSolution
		{2F0038ED-F23D-4673-BB7C-E06CCE7D656A}.Debug|Any CPU.ActiveCfg = Debug|Any CPU
		{2F0038ED-F23D-4673-BB7C-E06CCE7D656A}.Debug|Any CPU.Build.0 = Debug|Any CPU
		{2F0038ED-F23D-4673-BB7C-E06CCE7D656A}.Release|Any CPU.ActiveCfg = Release|Any CPU
		{2F0038ED-F23D-4673-BB7C-E06CCE7D656A}.Release|Any CPU.Build.0 = Release|Any CPU
		{5E920752-082B-423A-8678-7ABAEEF131C4}.Debug|Any CPU.ActiveCfg = Debug|Any CPU
		{5E920752-082B-423A-8678-7ABAEEF131C4}.Debug|Any CPU.Build.0 = Debug|Any CPU
		{5E920752-082B-423A-8678-7ABAEEF131C4}.Release|Any CPU.ActiveCfg = Release|Any CPU
		{5E920752-082B-423A-8678-7ABAEEF131C4}.Release|Any CPU.Build.0 = Release|Any CPU
		{5FAC3E88-454D-4338-8A8D-3A9DC185DC61}.Debug|Any CPU.ActiveCfg = Debug|Any CPU
		{5FAC3E88-454D-4338-8A8D-3A9DC185DC61}.Debug|Any CPU.Build.0 = Debug|Any CPU
		{5FAC3E88-454D-4338-8A8D-3A9DC185DC61}.Release|Any CPU.ActiveCfg = Release|Any CPU
		{5FAC3E88-454D-4338-8A8D-3A9DC185DC61}.Release|Any CPU.Build.0 = Release|Any CPU
	EndGlobalSection
	GlobalSection(SolutionProperties) = preSolution
		HideSolutionNode = FALSE
	EndGlobalSection
	GlobalSection(ExtensibilityGlobals) = postSolution
		SolutionGuid = {79D2AEE7-EEFE-4278-851A-156A8C2ACBA0}
	EndGlobalSection
EndGlobal
