
Microsoft Visual Studio Solution File, Format Version 12.00
# Visual Studio Version 16
VisualStudioVersion = 16.0.31729.503
MinimumVisualStudioVersion = 10.0.40219.1
Project("{FAE04EC0-301F-11D3-BF4B-00C04F79EFBC}") = "ConsoleApp1", "ConsoleApp1.csproj", "{369768F2-F7A7-475D-9D3F-5761B509A604}"
EndProject
Global
	GlobalSection(SolutionConfigurationPlatforms) = preSolution
		Debug|Any CPU = Debug|Any CPU
		Release|Any CPU = Release|Any CPU
	EndGlobalSection
	GlobalSection(ProjectConfigurationPlatforms) = postSolution
		{369768F2-F7A7-475D-9D3F-5761B509A604}.Debug|Any CPU.ActiveCfg = Debug|Any CPU
		{369768F2-F7A7-475D-9D3F-5761B509A604}.Debug|Any CPU.Build.0 = Debug|Any CPU
		{369768F2-F7A7-475D-9D3F-5761B509A604}.Release|Any CPU.ActiveCfg = Release|Any CPU
		{369768F2-F7A7-475D-9D3F-5761B509A604}.Release|Any CPU.Build.0 = Release|Any CPU
	EndGlobalSection
	GlobalSection(SolutionProperties) = preSolution
		HideSolutionNode = FALSE
	EndGlobalSection
	GlobalSection(ExtensibilityGlobals) = postSolution
		SolutionGuid = {709392E2-E907-4064-82E7-E06AAF10038B}
	EndGlobalSection
EndGlobal
