
Microsoft Visual Studio Solution File, Format Version 12.00
# Visual Studio Version 17
VisualStudioVersion = 17.1.32421.90
MinimumVisualStudioVersion = 10.0.40219.1
Project("{FAE04EC0-301F-11D3-BF4B-00C04F79EFBC}") = "SortFunctions", "SortFunctions\SortFunctions.csproj", "{F2763267-5BC9-4148-BFE0-29EE8E8E5717}"
EndProject
Global
	GlobalSection(SolutionConfigurationPlatforms) = preSolution
		Debug|Any CPU = Debug|Any CPU
		Release|Any CPU = Release|Any CPU
	EndGlobalSection
	GlobalSection(ProjectConfigurationPlatforms) = postSolution
		{F2763267-5BC9-4148-BFE0-29EE8E8E5717}.Debug|Any CPU.ActiveCfg = Debug|Any CPU
		{F2763267-5BC9-4148-BFE0-29EE8E8E5717}.Debug|Any CPU.Build.0 = Debug|Any CPU
		{F2763267-5BC9-4148-BFE0-29EE8E8E5717}.Release|Any CPU.ActiveCfg = Release|Any CPU
		{F2763267-5BC9-4148-BFE0-29EE8E8E5717}.Release|Any CPU.Build.0 = Release|Any CPU
	EndGlobalSection
	GlobalSection(SolutionProperties) = preSolution
		HideSolutionNode = FALSE
	EndGlobalSection
	GlobalSection(ExtensibilityGlobals) = postSolution
		SolutionGuid = {905F744F-57A6-48E7-A492-5F09A3748B5B}
	EndGlobalSection
EndGlobal
