
Microsoft Visual Studio Solution File, Format Version 12.00
# Visual Studio Version 16
VisualStudioVersion = 16.0.31729.503
MinimumVisualStudioVersion = 10.0.40219.1
Project("{FAE04EC0-301F-11D3-BF4B-00C04F79EFBC}") = "TestProject1", "TestProject1.csproj", "{58B08D0A-BC7E-471A-A88E-C7D097D43779}"
EndProject
Project("{FAE04EC0-301F-11D3-BF4B-00C04F79EFBC}") = "ClassLibrary2", "..\ClassLibrary2\ClassLibrary2.csproj", "{B750A280-E324-4487-84C6-0AE5AB6BC69D}"
EndProject
Global
	GlobalSection(SolutionConfigurationPlatforms) = preSolution
		Debug|Any CPU = Debug|Any CPU
		Release|Any CPU = Release|Any CPU
	EndGlobalSection
	GlobalSection(ProjectConfigurationPlatforms) = postSolution
		{58B08D0A-BC7E-471A-A88E-C7D097D43779}.Debug|Any CPU.ActiveCfg = Debug|Any CPU
		{58B08D0A-BC7E-471A-A88E-C7D097D43779}.Debug|Any CPU.Build.0 = Debug|Any CPU
		{58B08D0A-BC7E-471A-A88E-C7D097D43779}.Release|Any CPU.ActiveCfg = Release|Any CPU
		{58B08D0A-BC7E-471A-A88E-C7D097D43779}.Release|Any CPU.Build.0 = Release|Any CPU
		{B750A280-E324-4487-84C6-0AE5AB6BC69D}.Debug|Any CPU.ActiveCfg = Debug|Any CPU
		{B750A280-E324-4487-84C6-0AE5AB6BC69D}.Debug|Any CPU.Build.0 = Debug|Any CPU
		{B750A280-E324-4487-84C6-0AE5AB6BC69D}.Release|Any CPU.ActiveCfg = Release|Any CPU
		{B750A280-E324-4487-84C6-0AE5AB6BC69D}.Release|Any CPU.Build.0 = Release|Any CPU
	EndGlobalSection
	GlobalSection(SolutionProperties) = preSolution
		HideSolutionNode = FALSE
	EndGlobalSection
	GlobalSection(ExtensibilityGlobals) = postSolution
		SolutionGuid = {2F1D047E-5114-4304-B7E8-440488BE4888}
	EndGlobalSection
EndGlobal
